
Microsoft Visual Studio Solution File, Format Version 12.00
# Visual Studio Version 17
VisualStudioVersion = 17.4.33213.308
MinimumVisualStudioVersion = 10.0.40219.1
Project("{FAE04EC0-301F-11D3-BF4B-00C04F79EFBC}") = "AreaQuadradoRetangulo", "AreaQuadradoRetangulo\AreaQuadradoRetangulo.csproj", "{2919BA35-491E-477B-A0C3-B62550C7904D}"
EndProject
Global
	GlobalSection(SolutionConfigurationPlatforms) = preSolution
		Debug|Any CPU = Debug|Any CPU
		Release|Any CPU = Release|Any CPU
	EndGlobalSection
	GlobalSection(ProjectConfigurationPlatforms) = postSolution
		{2919BA35-491E-477B-A0C3-B62550C7904D}.Debug|Any CPU.ActiveCfg = Debug|Any CPU
		{2919BA35-491E-477B-A0C3-B62550C7904D}.Debug|Any CPU.Build.0 = Debug|Any CPU
		{2919BA35-491E-477B-A0C3-B62550C7904D}.Release|Any CPU.ActiveCfg = Release|Any CPU
		{2919BA35-491E-477B-A0C3-B62550C7904D}.Release|Any CPU.Build.0 = Release|Any CPU
	EndGlobalSection
	GlobalSection(SolutionProperties) = preSolution
		HideSolutionNode = FALSE
	EndGlobalSection
	GlobalSection(ExtensibilityGlobals) = postSolution
		SolutionGuid = {582DBCC6-0D30-4475-B285-43EEF7F4A38A}
	EndGlobalSection
EndGlobal
